
Microsoft Visual Studio Solution File, Format Version 12.00
# Visual Studio 15
VisualStudioVersion = 15.0.26124.0
MinimumVisualStudioVersion = 15.0.26124.0
Project("{2150E333-8FDC-42A3-9474-1A3956D46DE8}") = "01-FrontEnd", "01-FrontEnd", "{66CE1B0B-3834-4C4D-AB64-9F0639A1932A}"
EndProject
Project("{FAE04EC0-301F-11D3-BF4B-00C04F79EFBC}") = "Loja.Web", "01-FrontEnd\Loja.Web\Loja.Web.csproj", "{87EE1F6F-1900-4F12-ABB2-D4F3290F8384}"
EndProject
Project("{2150E333-8FDC-42A3-9474-1A3956D46DE8}") = "02-Business", "02-Business", "{7ADF02B0-FEEE-4229-95A2-708B583F7080}"
EndProject
Project("{FAE04EC0-301F-11D3-BF4B-00C04F79EFBC}") = "Loja.Aplicacao", "02-Business\Loja.Aplicacao\Loja.Aplicacao.csproj", "{6A8349FC-248E-48CD-863B-270EA81E0850}"
EndProject
Project("{FAE04EC0-301F-11D3-BF4B-00C04F79EFBC}") = "Loja.Dominio", "02-Business\Loja.Dominio\Loja.Dominio.csproj", "{32298932-6150-40E6-A8E3-B84AF84C9112}"
EndProject
Project("{2150E333-8FDC-42A3-9474-1A3956D46DE8}") = "03-Data", "03-Data", "{B8A38A3B-344F-4719-BA85-41D6BB843D99}"
EndProject
Project("{FAE04EC0-301F-11D3-BF4B-00C04F79EFBC}") = "Loja.Repositorio", "03-Data\Loja.Repositorio\Loja.Repositorio.csproj", "{A76BF457-04C0-459A-AA7C-3C408CB038C6}"
EndProject
Global
	GlobalSection(SolutionConfigurationPlatforms) = preSolution
		Debug|Any CPU = Debug|Any CPU
		Debug|x64 = Debug|x64
		Debug|x86 = Debug|x86
		Release|Any CPU = Release|Any CPU
		Release|x64 = Release|x64
		Release|x86 = Release|x86
	EndGlobalSection
	GlobalSection(SolutionProperties) = preSolution
		HideSolutionNode = FALSE
	EndGlobalSection
	GlobalSection(ProjectConfigurationPlatforms) = postSolution
		{87EE1F6F-1900-4F12-ABB2-D4F3290F8384}.Debug|Any CPU.ActiveCfg = Debug|Any CPU
		{87EE1F6F-1900-4F12-ABB2-D4F3290F8384}.Debug|Any CPU.Build.0 = Debug|Any CPU
		{87EE1F6F-1900-4F12-ABB2-D4F3290F8384}.Debug|x64.ActiveCfg = Debug|Any CPU
		{87EE1F6F-1900-4F12-ABB2-D4F3290F8384}.Debug|x64.Build.0 = Debug|Any CPU
		{87EE1F6F-1900-4F12-ABB2-D4F3290F8384}.Debug|x86.ActiveCfg = Debug|Any CPU
		{87EE1F6F-1900-4F12-ABB2-D4F3290F8384}.Debug|x86.Build.0 = Debug|Any CPU
		{87EE1F6F-1900-4F12-ABB2-D4F3290F8384}.Release|Any CPU.ActiveCfg = Release|Any CPU
		{87EE1F6F-1900-4F12-ABB2-D4F3290F8384}.Release|Any CPU.Build.0 = Release|Any CPU
		{87EE1F6F-1900-4F12-ABB2-D4F3290F8384}.Release|x64.ActiveCfg = Release|Any CPU
		{87EE1F6F-1900-4F12-ABB2-D4F3290F8384}.Release|x64.Build.0 = Release|Any CPU
		{87EE1F6F-1900-4F12-ABB2-D4F3290F8384}.Release|x86.ActiveCfg = Release|Any CPU
		{87EE1F6F-1900-4F12-ABB2-D4F3290F8384}.Release|x86.Build.0 = Release|Any CPU
		{6A8349FC-248E-48CD-863B-270EA81E0850}.Debug|Any CPU.ActiveCfg = Debug|Any CPU
		{6A8349FC-248E-48CD-863B-270EA81E0850}.Debug|Any CPU.Build.0 = Debug|Any CPU
		{6A8349FC-248E-48CD-863B-270EA81E0850}.Debug|x64.ActiveCfg = Debug|Any CPU
		{6A8349FC-248E-48CD-863B-270EA81E0850}.Debug|x64.Build.0 = Debug|Any CPU
		{6A8349FC-248E-48CD-863B-270EA81E0850}.Debug|x86.ActiveCfg = Debug|Any CPU
		{6A8349FC-248E-48CD-863B-270EA81E0850}.Debug|x86.Build.0 = Debug|Any CPU
		{6A8349FC-248E-48CD-863B-270EA81E0850}.Release|Any CPU.ActiveCfg = Release|Any CPU
		{6A8349FC-248E-48CD-863B-270EA81E0850}.Release|Any CPU.Build.0 = Release|Any CPU
		{6A8349FC-248E-48CD-863B-270EA81E0850}.Release|x64.ActiveCfg = Release|Any CPU
		{6A8349FC-248E-48CD-863B-270EA81E0850}.Release|x64.Build.0 = Release|Any CPU
		{6A8349FC-248E-48CD-863B-270EA81E0850}.Release|x86.ActiveCfg = Release|Any CPU
		{6A8349FC-248E-48CD-863B-270EA81E0850}.Release|x86.Build.0 = Release|Any CPU
		{32298932-6150-40E6-A8E3-B84AF84C9112}.Debug|Any CPU.ActiveCfg = Debug|Any CPU
		{32298932-6150-40E6-A8E3-B84AF84C9112}.Debug|Any CPU.Build.0 = Debug|Any CPU
		{32298932-6150-40E6-A8E3-B84AF84C9112}.Debug|x64.ActiveCfg = Debug|Any CPU
		{32298932-6150-40E6-A8E3-B84AF84C9112}.Debug|x64.Build.0 = Debug|Any CPU
		{32298932-6150-40E6-A8E3-B84AF84C9112}.Debug|x86.ActiveCfg = Debug|Any CPU
		{32298932-6150-40E6-A8E3-B84AF84C9112}.Debug|x86.Build.0 = Debug|Any CPU
		{32298932-6150-40E6-A8E3-B84AF84C9112}.Release|Any CPU.ActiveCfg = Release|Any CPU
		{32298932-6150-40E6-A8E3-B84AF84C9112}.Release|Any CPU.Build.0 = Release|Any CPU
		{32298932-6150-40E6-A8E3-B84AF84C9112}.Release|x64.ActiveCfg = Release|Any CPU
		{32298932-6150-40E6-A8E3-B84AF84C9112}.Release|x64.Build.0 = Release|Any CPU
		{32298932-6150-40E6-A8E3-B84AF84C9112}.Release|x86.ActiveCfg = Release|Any CPU
		{32298932-6150-40E6-A8E3-B84AF84C9112}.Release|x86.Build.0 = Release|Any CPU
		{A76BF457-04C0-459A-AA7C-3C408CB038C6}.Debug|Any CPU.ActiveCfg = Debug|Any CPU
		{A76BF457-04C0-459A-AA7C-3C408CB038C6}.Debug|Any CPU.Build.0 = Debug|Any CPU
		{A76BF457-04C0-459A-AA7C-3C408CB038C6}.Debug|x64.ActiveCfg = Debug|Any CPU
		{A76BF457-04C0-459A-AA7C-3C408CB038C6}.Debug|x64.Build.0 = Debug|Any CPU
		{A76BF457-04C0-459A-AA7C-3C408CB038C6}.Debug|x86.ActiveCfg = Debug|Any CPU
		{A76BF457-04C0-459A-AA7C-3C408CB038C6}.Debug|x86.Build.0 = Debug|Any CPU
		{A76BF457-04C0-459A-AA7C-3C408CB038C6}.Release|Any CPU.ActiveCfg = Release|Any CPU
		{A76BF457-04C0-459A-AA7C-3C408CB038C6}.Release|Any CPU.Build.0 = Release|Any CPU
		{A76BF457-04C0-459A-AA7C-3C408CB038C6}.Release|x64.ActiveCfg = Release|Any CPU
		{A76BF457-04C0-459A-AA7C-3C408CB038C6}.Release|x64.Build.0 = Release|Any CPU
		{A76BF457-04C0-459A-AA7C-3C408CB038C6}.Release|x86.ActiveCfg = Release|Any CPU
		{A76BF457-04C0-459A-AA7C-3C408CB038C6}.Release|x86.Build.0 = Release|Any CPU
	EndGlobalSection
	GlobalSection(NestedProjects) = preSolution
		{87EE1F6F-1900-4F12-ABB2-D4F3290F8384} = {66CE1B0B-3834-4C4D-AB64-9F0639A1932A}
		{6A8349FC-248E-48CD-863B-270EA81E0850} = {7ADF02B0-FEEE-4229-95A2-708B583F7080}
		{32298932-6150-40E6-A8E3-B84AF84C9112} = {7ADF02B0-FEEE-4229-95A2-708B583F7080}
		{A76BF457-04C0-459A-AA7C-3C408CB038C6} = {B8A38A3B-344F-4719-BA85-41D6BB843D99}
	EndGlobalSection
EndGlobal
